version = 1
revision = 3
requires-python = ">=3.10"

[[package]]
name = "flow-twinx"
version = "0.3.0"
source = { editable = "." }
dependencies = [
    { name = "python-vlc" },
    { name = "yt-dlp" },
]

[package.metadata]
requires-dist = [
    { name = "python-vlc" },
    { name = "yt-dlp" },
]

[[package]]
name = "python-vlc"
version = "3.0.21203"
source = { registry = "https://pypi.org/simple" }
sdist = { url = "https://files.pythonhosted.org/packages/4b/5b/f9ce6f0c9877b6fe5eafbade55e0dcb6b2b30f1c2c95837aef40e390d63b/python_vlc-3.0.21203.tar.gz", hash = "sha256:52d0544b276b11e58b6c0b748c3e0518f94f74b1b4cd328c83a59eacabead1ec", size = 162211, upload-time = "2024-10-07T14:39:54.755Z" }
wheels = [
    { url = "https://files.pythonhosted.org/packages/5b/ee/7d76eb3b50ccb1397621f32ede0fb4d17aa55a9aa2251bc34e6b9929fdce/python_vlc-3.0.21203-py3-none-any.whl", hash = "sha256:1613451a31b692ec276296ceeae0c0ba82bfc2d094dabf9aceb70f58944a6320", size = 87651, upload-time = "2024-10-07T14:39:50.021Z" },
]

[[package]]
name = "yt-dlp"
version = "2026.6.9"
source = { registry = "https://pypi.org/simple" }
sdist = { url = "https://files.pythonhosted.org/packages/88/a4/1b0979d28f87774bb67fbbc66bce44f9dd1aa0e547a99e22985fac945c33/yt_dlp-2026.6.9.tar.gz", hash = "sha256:d50fcb95f48d61bedde33e408c1881d4c279e51c31354a599ce09e96ba0f4b86", size = 3030590, upload-time = "2026-06-09T23:27:14.831Z" }
wheels = [
    { url = "https://files.pythonhosted.org/packages/f3/ee/188a3dadf9dfdac713243521f919feca1cd091d4358c9ea7e8ebb710a7cc/yt_dlp-2026.6.9-py3-none-any.whl", hash = "sha256:442ba4c75724b9496144c8434b617962ee08d0ee7c26ec663848fe9b78d5a3e4", size = 3169035, upload-time = "2026-06-09T23:27:12.58Z" },
]
